
Microsoft Visual Studio Solution File, Format Version 12.00
# Visual Studio Version 17
VisualStudioVersion = 17.0.31903.59
MinimumVisualStudioVersion = 10.0.40219.1
Project("{2150E333-8FDC-42A3-9474-1A3956D46DE8}") = "src", "src", "{7723D4E2-58FA-4D9A-83BB-D75979C5647B}"
EndProject
Project("{FAE04EC0-301F-11D3-BF4B-00C04F79EFBC}") = "DntConsole.App", "src\DntConsole.App\DntConsole.App.csproj", "{5BE9E883-5CE1-449B-B699-F749B6258A95}"
EndProject
Project("{FAE04EC0-301F-11D3-BF4B-00C04F79EFBC}") = "DntConsole.DataLayer", "src\DntConsole.DataLayer\DntConsole.DataLayer.csproj", "{A83D622D-A01F-416B-B7C9-90EFF22917FD}"
EndProject
Project("{FAE04EC0-301F-11D3-BF4B-00C04F79EFBC}") = "DntConsole.Entities", "src\DntConsole.Entities\DntConsole.Entities.csproj", "{9158BC26-CCC4-4408-9B2E-6B7B67E5489D}"
EndProject
Project("{FAE04EC0-301F-11D3-BF4B-00C04F79EFBC}") = "DntConsole.IoCConfig", "src\DntConsole.IoCConfig\DntConsole.IoCConfig.csproj", "{94C409A0-5054-4EEE-8798-3ECC9ADCA075}"
EndProject
Project("{FAE04EC0-301F-11D3-BF4B-00C04F79EFBC}") = "DntConsole.Models", "src\DntConsole.Models\DntConsole.Models.csproj", "{91C8F455-53DB-4299-BEBF-23B1B0A1ED73}"
EndProject
Project("{FAE04EC0-301F-11D3-BF4B-00C04F79EFBC}") = "DntConsole.Services", "src\DntConsole.Services\DntConsole.Services.csproj", "{61D6BD58-5069-4962-B43C-76B161DA5F72}"
EndProject
Project("{2150E333-8FDC-42A3-9474-1A3956D46DE8}") = "tests", "tests", "{1ACCEB37-402C-4036-88A7-8D0933971772}"
EndProject
Project("{FAE04EC0-301F-11D3-BF4B-00C04F79EFBC}") = "DntFeeds.Tests", "tests\DntConsole.Tests\DntConsole.Tests.csproj", "{0F6B865C-A6E2-4519-BAE4-D3FE203A0392}"
EndProject
Global
	GlobalSection(SolutionConfigurationPlatforms) = preSolution
		Debug|Any CPU = Debug|Any CPU
		Release|Any CPU = Release|Any CPU
	EndGlobalSection
	GlobalSection(SolutionProperties) = preSolution
		HideSolutionNode = FALSE
	EndGlobalSection
	GlobalSection(ProjectConfigurationPlatforms) = postSolution
		{5BE9E883-5CE1-449B-B699-F749B6258A95}.Debug|Any CPU.ActiveCfg = Debug|Any CPU
		{5BE9E883-5CE1-449B-B699-F749B6258A95}.Debug|Any CPU.Build.0 = Debug|Any CPU
		{5BE9E883-5CE1-449B-B699-F749B6258A95}.Release|Any CPU.ActiveCfg = Release|Any CPU
		{5BE9E883-5CE1-449B-B699-F749B6258A95}.Release|Any CPU.Build.0 = Release|Any CPU
		{A83D622D-A01F-416B-B7C9-90EFF22917FD}.Debug|Any CPU.ActiveCfg = Debug|Any CPU
		{A83D622D-A01F-416B-B7C9-90EFF22917FD}.Debug|Any CPU.Build.0 = Debug|Any CPU
		{A83D622D-A01F-416B-B7C9-90EFF22917FD}.Release|Any CPU.ActiveCfg = Release|Any CPU
		{A83D622D-A01F-416B-B7C9-90EFF22917FD}.Release|Any CPU.Build.0 = Release|Any CPU
		{9158BC26-CCC4-4408-9B2E-6B7B67E5489D}.Debug|Any CPU.ActiveCfg = Debug|Any CPU
		{9158BC26-CCC4-4408-9B2E-6B7B67E5489D}.Debug|Any CPU.Build.0 = Debug|Any CPU
		{9158BC26-CCC4-4408-9B2E-6B7B67E5489D}.Release|Any CPU.ActiveCfg = Release|Any CPU
		{9158BC26-CCC4-4408-9B2E-6B7B67E5489D}.Release|Any CPU.Build.0 = Release|Any CPU
		{94C409A0-5054-4EEE-8798-3ECC9ADCA075}.Debug|Any CPU.ActiveCfg = Debug|Any CPU
		{94C409A0-5054-4EEE-8798-3ECC9ADCA075}.Debug|Any CPU.Build.0 = Debug|Any CPU
		{94C409A0-5054-4EEE-8798-3ECC9ADCA075}.Release|Any CPU.ActiveCfg = Release|Any CPU
		{94C409A0-5054-4EEE-8798-3ECC9ADCA075}.Release|Any CPU.Build.0 = Release|Any CPU
		{91C8F455-53DB-4299-BEBF-23B1B0A1ED73}.Debug|Any CPU.ActiveCfg = Debug|Any CPU
		{91C8F455-53DB-4299-BEBF-23B1B0A1ED73}.Debug|Any CPU.Build.0 = Debug|Any CPU
		{91C8F455-53DB-4299-BEBF-23B1B0A1ED73}.Release|Any CPU.ActiveCfg = Release|Any CPU
		{91C8F455-53DB-4299-BEBF-23B1B0A1ED73}.Release|Any CPU.Build.0 = Release|Any CPU
		{61D6BD58-5069-4962-B43C-76B161DA5F72}.Debug|Any CPU.ActiveCfg = Debug|Any CPU
		{61D6BD58-5069-4962-B43C-76B161DA5F72}.Debug|Any CPU.Build.0 = Debug|Any CPU
		{61D6BD58-5069-4962-B43C-76B161DA5F72}.Release|Any CPU.ActiveCfg = Release|Any CPU
		{61D6BD58-5069-4962-B43C-76B161DA5F72}.Release|Any CPU.Build.0 = Release|Any CPU
		{0F6B865C-A6E2-4519-BAE4-D3FE203A0392}.Debug|Any CPU.ActiveCfg = Debug|Any CPU
		{0F6B865C-A6E2-4519-BAE4-D3FE203A0392}.Debug|Any CPU.Build.0 = Debug|Any CPU
		{0F6B865C-A6E2-4519-BAE4-D3FE203A0392}.Release|Any CPU.ActiveCfg = Release|Any CPU
		{0F6B865C-A6E2-4519-BAE4-D3FE203A0392}.Release|Any CPU.Build.0 = Release|Any CPU
	EndGlobalSection
	GlobalSection(NestedProjects) = preSolution
		{5BE9E883-5CE1-449B-B699-F749B6258A95} = {7723D4E2-58FA-4D9A-83BB-D75979C5647B}
		{A83D622D-A01F-416B-B7C9-90EFF22917FD} = {7723D4E2-58FA-4D9A-83BB-D75979C5647B}
		{9158BC26-CCC4-4408-9B2E-6B7B67E5489D} = {7723D4E2-58FA-4D9A-83BB-D75979C5647B}
		{94C409A0-5054-4EEE-8798-3ECC9ADCA075} = {7723D4E2-58FA-4D9A-83BB-D75979C5647B}
		{91C8F455-53DB-4299-BEBF-23B1B0A1ED73} = {7723D4E2-58FA-4D9A-83BB-D75979C5647B}
		{61D6BD58-5069-4962-B43C-76B161DA5F72} = {7723D4E2-58FA-4D9A-83BB-D75979C5647B}
		{0F6B865C-A6E2-4519-BAE4-D3FE203A0392} = {1ACCEB37-402C-4036-88A7-8D0933971772}
	EndGlobalSection
EndGlobal
